
Microsoft Visual Studio Solution File, Format Version 12.00
# Visual Studio 2015
Project("{FAE04EC0-301F-11D3-BF4B-00C04F79EFBC}") = "WatchOut_GGJ2018.CSharp", "WatchOut_GGJ2018.CSharp.csproj", "{644D4921-074A-B0CA-CCFB-5C888CAB9281}"
EndProject
Project("{FAE04EC0-301F-11D3-BF4B-00C04F79EFBC}") = "WatchOut_GGJ2018.CSharp.Plugins", "WatchOut_GGJ2018.CSharp.Plugins.csproj", "{FE879D65-5207-9659-50B2-3AB43015ED8B}"
EndProject
Project("{FAE04EC0-301F-11D3-BF4B-00C04F79EFBC}") = "WatchOut_GGJ2018.CSharp.Editor", "WatchOut_GGJ2018.CSharp.Editor.csproj", "{89381D01-4B1B-9B6C-34FE-BB4345360519}"
EndProject
Global
	GlobalSection(SolutionConfigurationPlatforms) = preSolution
		Debug|Any CPU = Debug|Any CPU
		Release|Any CPU = Release|Any CPU
	EndGlobalSection
	GlobalSection(ProjectConfigurationPlatforms) = postSolution
		{644D4921-074A-B0CA-CCFB-5C888CAB9281}.Debug|Any CPU.ActiveCfg = Debug|Any CPU
		{644D4921-074A-B0CA-CCFB-5C888CAB9281}.Debug|Any CPU.Build.0 = Debug|Any CPU
		{644D4921-074A-B0CA-CCFB-5C888CAB9281}.Release|Any CPU.ActiveCfg = Release|Any CPU
		{644D4921-074A-B0CA-CCFB-5C888CAB9281}.Release|Any CPU.Build.0 = Release|Any CPU
		{FE879D65-5207-9659-50B2-3AB43015ED8B}.Debug|Any CPU.ActiveCfg = Debug|Any CPU
		{FE879D65-5207-9659-50B2-3AB43015ED8B}.Debug|Any CPU.Build.0 = Debug|Any CPU
		{FE879D65-5207-9659-50B2-3AB43015ED8B}.Release|Any CPU.ActiveCfg = Release|Any CPU
		{FE879D65-5207-9659-50B2-3AB43015ED8B}.Release|Any CPU.Build.0 = Release|Any CPU
		{89381D01-4B1B-9B6C-34FE-BB4345360519}.Debug|Any CPU.ActiveCfg = Debug|Any CPU
		{89381D01-4B1B-9B6C-34FE-BB4345360519}.Debug|Any CPU.Build.0 = Debug|Any CPU
		{89381D01-4B1B-9B6C-34FE-BB4345360519}.Release|Any CPU.ActiveCfg = Release|Any CPU
		{89381D01-4B1B-9B6C-34FE-BB4345360519}.Release|Any CPU.Build.0 = Release|Any CPU
	EndGlobalSection
	GlobalSection(SolutionProperties) = preSolution
		HideSolutionNode = FALSE
	EndGlobalSection
EndGlobal
